
Microsoft Visual Studio Solution File, Format Version 12.00
# Visual Studio Version 17
VisualStudioVersion = 17.8.34330.188
MinimumVisualStudioVersion = 10.0.40219.1
Project("{9A19103F-16F7-4668-BE54-9A1E7A4F7556}") = "Tenn.is", "Tenn.is\Tenn.is.csproj", "{6B442E13-C05B-49AA-AA78-9A38C2A89AAC}"
EndProject
Project("{FAE04EC0-301F-11D3-BF4B-00C04F79EFBC}") = "TennisTest", "TennisTest\TennisTest.csproj", "{5D5EBF2A-A8F8-47AC-A565-28933D45F7D3}"
	ProjectSection(ProjectDependencies) = postProject
		{6B442E13-C05B-49AA-AA78-9A38C2A89AAC} = {6B442E13-C05B-49AA-AA78-9A38C2A89AAC}
	EndProjectSection
EndProject
Global
	GlobalSection(SolutionConfigurationPlatforms) = preSolution
		Debug|Any CPU = Debug|Any CPU
		Release|Any CPU = Release|Any CPU
	EndGlobalSection
	GlobalSection(ProjectConfigurationPlatforms) = postSolution
		{6B442E13-C05B-49AA-AA78-9A38C2A89AAC}.Debug|Any CPU.ActiveCfg = Debug|Any CPU
		{6B442E13-C05B-49AA-AA78-9A38C2A89AAC}.Debug|Any CPU.Build.0 = Debug|Any CPU
		{6B442E13-C05B-49AA-AA78-9A38C2A89AAC}.Release|Any CPU.ActiveCfg = Release|Any CPU
		{6B442E13-C05B-49AA-AA78-9A38C2A89AAC}.Release|Any CPU.Build.0 = Release|Any CPU
		{5D5EBF2A-A8F8-47AC-A565-28933D45F7D3}.Debug|Any CPU.ActiveCfg = Debug|Any CPU
		{5D5EBF2A-A8F8-47AC-A565-28933D45F7D3}.Debug|Any CPU.Build.0 = Debug|Any CPU
		{5D5EBF2A-A8F8-47AC-A565-28933D45F7D3}.Release|Any CPU.ActiveCfg = Release|Any CPU
		{5D5EBF2A-A8F8-47AC-A565-28933D45F7D3}.Release|Any CPU.Build.0 = Release|Any CPU
	EndGlobalSection
	GlobalSection(SolutionProperties) = preSolution
		HideSolutionNode = FALSE
	EndGlobalSection
	GlobalSection(ExtensibilityGlobals) = postSolution
		SolutionGuid = {0FD9988A-E7D2-4AB9-8DEB-5CE67C85B2B3}
	EndGlobalSection
EndGlobal
